// !$*UTF8*$!
{
	archiveVersion = 1;
	classes = {
	};
	objectVersion = 50;
	objects = {

/* Begin PBXBuildFile section */
		1BEEACA1B18ECC14826542F1 /* Pods_WeightTracker.framework in Frameworks */ = {isa = PBXBuildFile; fileRef = C2BD1D30AEBE5CB2CC3C0BAC /* Pods_WeightTracker.framework */; };
		4B6ED372222C8F4E000B5263 /* AppDelegate.swift in Sources */ = {isa = PBXBuildFile; fileRef = 4B6ED371222C8F4E000B5263 /* AppDelegate.swift */; };
		4B6ED374222C8F4E000B5263 /* WeightsViewController.swift in Sources */ = {isa = PBXBuildFile; fileRef = 4B6ED373222C8F4E000B5263 /* WeightsViewController.swift */; };
		4B6ED377222C8F4E000B5263 /* Main.storyboard in Resources */ = {isa = PBXBuildFile; fileRef = 4B6ED375222C8F4E000B5263 /* Main.storyboard */; };
		4B6ED37A222C8F4E000B5263 /* WeightTracker.xcdatamodeld in Sources */ = {isa = PBXBuildFile; fileRef = 4B6ED378222C8F4E000B5263 /* WeightTracker.xcdatamodeld */; };
		4B6ED37C222C8F4F000B5263 /* Assets.xcassets in Resources */ = {isa = PBXBuildFile; fileRef = 4B6ED37B222C8F4F000B5263 /* Assets.xcassets */; };
		4B6ED37F222C8F4F000B5263 /* LaunchScreen.storyboard in Resources */ = {isa = PBXBuildFile; fileRef = 4B6ED37D222C8F4F000B5263 /* LaunchScreen.storyboard */; };
		4B6ED38A222C8F4F000B5263 /* WeightTrackerTests.swift in Sources */ = {isa = PBXBuildFile; fileRef = 4B6ED389222C8F4F000B5263 /* WeightTrackerTests.swift */; };
		4B6ED395222C8F4F000B5263 /* WeightTrackerUITests.swift in Sources */ = {isa = PBXBuildFile; fileRef = 4B6ED394222C8F4F000B5263 /* WeightTrackerUITests.swift */; };
		4B7ABC5F222DA6A70064DE77 /* AppHelper.swift in Sources */ = {isa = PBXBuildFile; fileRef = 4B7ABC5E222DA6A70064DE77 /* AppHelper.swift */; };
		4B7ABC60222DA6BE0064DE77 /* SampleData.xcappdata in Resources */ = {isa = PBXBuildFile; fileRef = 4BC11822222D94AA00D96056 /* SampleData.xcappdata */; };
		4BC1181F222CDDB500D96056 /* DependencyInjection.swift in Sources */ = {isa = PBXBuildFile; fileRef = 4BC1181E222CDDB400D96056 /* DependencyInjection.swift */; };
		4BC11821222CE15200D96056 /* DataModelSpec.swift in Sources */ = {isa = PBXBuildFile; fileRef = 4BC11820222CE15200D96056 /* DataModelSpec.swift */; };
		4BC11826222D9A0C00D96056 /* AppConfiguration.swift in Sources */ = {isa = PBXBuildFile; fileRef = 4BC11825222D9A0C00D96056 /* AppConfiguration.swift */; };
		86BB2616ADCDBF16C676E88B /* Pods_AppSpecs.framework in Frameworks */ = {isa = PBXBuildFile; fileRef = E8EEB6F9E45B2281EFBB6067 /* Pods_AppSpecs.framework */; };
		C85D72991425EA6C6B2409E8 /* libPods-UITests.a in Frameworks */ = {isa = PBXBuildFile; fileRef = 119E8D368E52E45D0DDCF16D /* libPods-UITests.a */; };
/* End PBXBuildFile section */

/* Begin PBXContainerItemProxy section */
		4B6ED386222C8F4F000B5263 /* PBXContainerItemProxy */ = {
			isa = PBXContainerItemProxy;
			containerPortal = 4B6ED366222C8F4D000B5263 /* Project object */;
			proxyType = 1;
			remoteGlobalIDString = 4B6ED36D222C8F4E000B5263;
			remoteInfo = WeightTracker;
		};
		4B6ED391222C8F4F000B5263 /* PBXContainerItemProxy */ = {
			isa = PBXContainerItemProxy;
			containerPortal = 4B6ED366222C8F4D000B5263 /* Project object */;
			proxyType = 1;
			remoteGlobalIDString = 4B6ED36D222C8F4E000B5263;
			remoteInfo = WeightTracker;
		};
/* End PBXContainerItemProxy section */

/* Begin PBXFileReference section */
		028E3F24F0AD6D6A552EA89A /* Pods-WeightTracker.release.xcconfig */ = {isa = PBXFileReference; includeInIndex = 1; lastKnownFileType = text.xcconfig; name = "Pods-WeightTracker.release.xcconfig"; path = "Target Support Files/Pods-WeightTracker/Pods-WeightTracker.release.xcconfig"; sourceTree = "<group>"; };
		119E8D368E52E45D0DDCF16D /* libPods-UITests.a */ = {isa = PBXFileReference; explicitFileType = archive.ar; includeInIndex = 0; path = "libPods-UITests.a"; sourceTree = BUILT_PRODUCTS_DIR; };
		3F02110B1CCA2E13FB014B1B /* Pods-AppSpecs.debug.xcconfig */ = {isa = PBXFileReference; includeInIndex = 1; lastKnownFileType = text.xcconfig; name = "Pods-AppSpecs.debug.xcconfig"; path = "Target Support Files/Pods-AppSpecs/Pods-AppSpecs.debug.xcconfig"; sourceTree = "<group>"; };
		4B6ED36E222C8F4E000B5263 /* WeightTracker.app */ = {isa = PBXFileReference; explicitFileType = wrapper.application; includeInIndex = 0; path = WeightTracker.app; sourceTree = BUILT_PRODUCTS_DIR; };
		4B6ED371222C8F4E000B5263 /* AppDelegate.swift */ = {isa = PBXFileReference; lastKnownFileType = sourcecode.swift; path = AppDelegate.swift; sourceTree = "<group>"; };
		4B6ED373222C8F4E000B5263 /* WeightsViewController.swift */ = {isa = PBXFileReference; lastKnownFileType = sourcecode.swift; path = WeightsViewController.swift; sourceTree = "<group>"; };
		4B6ED376222C8F4E000B5263 /* Base */ = {isa = PBXFileReference; lastKnownFileType = file.storyboard; name = Base; path = Base.lproj/Main.storyboard; sourceTree = "<group>"; };
		4B6ED379222C8F4E000B5263 /* WeightTracker.xcdatamodel */ = {isa = PBXFileReference; lastKnownFileType = wrapper.xcdatamodel; path = WeightTracker.xcdatamodel; sourceTree = "<group>"; };
		4B6ED37B222C8F4F000B5263 /* Assets.xcassets */ = {isa = PBXFileReference; lastKnownFileType = folder.assetcatalog; path = Assets.xcassets; sourceTree = "<group>"; };
		4B6ED37E222C8F4F000B5263 /* Base */ = {isa = PBXFileReference; lastKnownFileType = file.storyboard; name = Base; path = Base.lproj/LaunchScreen.storyboard; sourceTree = "<group>"; };
		4B6ED380222C8F4F000B5263 /* Info.plist */ = {isa = PBXFileReference; lastKnownFileType = text.plist.xml; path = Info.plist; sourceTree = "<group>"; };
		4B6ED385222C8F4F000B5263 /* AppSpecs.xctest */ = {isa = PBXFileReference; explicitFileType = wrapper.cfbundle; includeInIndex = 0; path = AppSpecs.xctest; sourceTree = BUILT_PRODUCTS_DIR; };
		4B6ED389222C8F4F000B5263 /* WeightTrackerTests.swift */ = {isa = PBXFileReference; lastKnownFileType = sourcecode.swift; path = WeightTrackerTests.swift; sourceTree = "<group>"; };
		4B6ED38B222C8F4F000B5263 /* Info.plist */ = {isa = PBXFileReference; lastKnownFileType = text.plist.xml; path = Info.plist; sourceTree = "<group>"; };
		4B6ED390222C8F4F000B5263 /* UITests.xctest */ = {isa = PBXFileReference; explicitFileType = wrapper.cfbundle; includeInIndex = 0; path = UITests.xctest; sourceTree = BUILT_PRODUCTS_DIR; };
		4B6ED394222C8F4F000B5263 /* WeightTrackerUITests.swift */ = {isa = PBXFileReference; lastKnownFileType = sourcecode.swift; path = WeightTrackerUITests.swift; sourceTree = "<group>"; };
		4B6ED396222C8F4F000B5263 /* Info.plist */ = {isa = PBXFileReference; lastKnownFileType = text.plist.xml; path = Info.plist; sourceTree = "<group>"; };
		4B7ABC5E222DA6A70064DE77 /* AppHelper.swift */ = {isa = PBXFileReference; fileEncoding = 4; lastKnownFileType = sourcecode.swift; path = AppHelper.swift; sourceTree = "<group>"; };
		4BC1181E222CDDB400D96056 /* DependencyInjection.swift */ = {isa = PBXFileReference; fileEncoding = 4; lastKnownFileType = sourcecode.swift; path = DependencyInjection.swift; sourceTree = "<group>"; };
		4BC11820222CE15200D96056 /* DataModelSpec.swift */ = {isa = PBXFileReference; fileEncoding = 4; lastKnownFileType = sourcecode.swift; path = DataModelSpec.swift; sourceTree = "<group>"; };
		4BC11822222D94AA00D96056 /* SampleData.xcappdata */ = {isa = PBXFileReference; lastKnownFileType = wrapper; path = SampleData.xcappdata; sourceTree = "<group>"; };
		4BC11825222D9A0C00D96056 /* AppConfiguration.swift */ = {isa = PBXFileReference; fileEncoding = 4; lastKnownFileType = sourcecode.swift; path = AppConfiguration.swift; sourceTree = "<group>"; };
		60CF273DE49991BBF03C8D07 /* Pods-UITests.debug.xcconfig */ = {isa = PBXFileReference; includeInIndex = 1; lastKnownFileType = text.xcconfig; name = "Pods-UITests.debug.xcconfig"; path = "Target Support Files/Pods-UITests/Pods-UITests.debug.xcconfig"; sourceTree = "<group>"; };
		6F1D7432F3F31B16564A3C91 /* Pods-UITests.release.xcconfig */ = {isa = PBXFileReference; includeInIndex = 1; lastKnownFileType = text.xcconfig; name = "Pods-UITests.release.xcconfig"; path = "Target Support Files/Pods-UITests/Pods-UITests.release.xcconfig"; sourceTree = "<group>"; };
		952A0D0E079F0DCF087D3ACB /* Pods-WeightTracker.debug.xcconfig */ = {isa = PBXFileReference; includeInIndex = 1; lastKnownFileType = text.xcconfig; name = "Pods-WeightTracker.debug.xcconfig"; path = "Target Support Files/Pods-WeightTracker/Pods-WeightTracker.debug.xcconfig"; sourceTree = "<group>"; };
		C2BD1D30AEBE5CB2CC3C0BAC /* Pods_WeightTracker.framework */ = {isa = PBXFileReference; explicitFileType = wrapper.framework; includeInIndex = 0; path = Pods_WeightTracker.framework; sourceTree = BUILT_PRODUCTS_DIR; };
		C90C0D2EB374150F0CB56991 /* Pods-AppSpecs.release.xcconfig */ = {isa = PBXFileReference; includeInIndex = 1; lastKnownFileType = text.xcconfig; name = "Pods-AppSpecs.release.xcconfig"; path = "Target Support Files/Pods-AppSpecs/Pods-AppSpecs.release.xcconfig"; sourceTree = "<group>"; };
		E8EEB6F9E45B2281EFBB6067 /* Pods_AppSpecs.framework */ = {isa = PBXFileReference; explicitFileType = wrapper.framework; includeInIndex = 0; path = Pods_AppSpecs.framework; sourceTree = BUILT_PRODUCTS_DIR; };
/* End PBXFileReference section */

/* Begin PBXFrameworksBuildPhase section */
		4B6ED36B222C8F4E000B5263 /* Frameworks */ = {
			isa = PBXFrameworksBuildPhase;
			buildActionMask = 2147483647;
			files = (
				1BEEACA1B18ECC14826542F1 /* Pods_WeightTracker.framework in Frameworks */,
			);
			runOnlyForDeploymentPostprocessing = 0;
		};
		4B6ED382222C8F4F000B5263 /* Frameworks */ = {
			isa = PBXFrameworksBuildPhase;
			buildActionMask = 2147483647;
			files = (
				86BB2616ADCDBF16C676E88B /* Pods_AppSpecs.framework in Frameworks */,
			);
			runOnlyForDeploymentPostprocessing = 0;
		};
		4B6ED38D222C8F4F000B5263 /* Frameworks */ = {
			isa = PBXFrameworksBuildPhase;
			buildActionMask = 2147483647;
			files = (
				C85D72991425EA6C6B2409E8 /* libPods-UITests.a in Frameworks */,
			);
			runOnlyForDeploymentPostprocessing = 0;
		};
/* End PBXFrameworksBuildPhase section */

/* Begin PBXGroup section */
		0D673063711C4D89A42C765D /* Pods */ = {
			isa = PBXGroup;
			children = (
				3F02110B1CCA2E13FB014B1B /* Pods-AppSpecs.debug.xcconfig */,
				C90C0D2EB374150F0CB56991 /* Pods-AppSpecs.release.xcconfig */,
				60CF273DE49991BBF03C8D07 /* Pods-UITests.debug.xcconfig */,
				6F1D7432F3F31B16564A3C91 /* Pods-UITests.release.xcconfig */,
				952A0D0E079F0DCF087D3ACB /* Pods-WeightTracker.debug.xcconfig */,
				028E3F24F0AD6D6A552EA89A /* Pods-WeightTracker.release.xcconfig */,
			);
			path = Pods;
			sourceTree = "<group>";
		};
		4B6ED365222C8F4D000B5263 = {
			isa = PBXGroup;
			children = (
				4B6ED370222C8F4E000B5263 /* WeightTracker */,
				4B6ED388222C8F4F000B5263 /* AppSpecs */,
				4B6ED393222C8F4F000B5263 /* UITests */,
				4B6ED36F222C8F4E000B5263 /* Products */,
				0D673063711C4D89A42C765D /* Pods */,
				BF672BAB977F157CB2D0A2DF /* Frameworks */,
			);
			sourceTree = "<group>";
		};
		4B6ED36F222C8F4E000B5263 /* Products */ = {
			isa = PBXGroup;
			children = (
				4B6ED36E222C8F4E000B5263 /* WeightTracker.app */,
				4B6ED385222C8F4F000B5263 /* AppSpecs.xctest */,
				4B6ED390222C8F4F000B5263 /* UITests.xctest */,
			);
			name = Products;
			sourceTree = "<group>";
		};
		4B6ED370222C8F4E000B5263 /* WeightTracker */ = {
			isa = PBXGroup;
			children = (
				4B6ED371222C8F4E000B5263 /* AppDelegate.swift */,
				4BC1181E222CDDB400D96056 /* DependencyInjection.swift */,
				4B6ED373222C8F4E000B5263 /* WeightsViewController.swift */,
				4B7ABC5D222DA6900064DE77 /* Supporting Files */,
				4B7ABC5C222DA6680064DE77 /* Resouces */,
			);
			path = WeightTracker;
			sourceTree = "<group>";
		};
		4B6ED388222C8F4F000B5263 /* AppSpecs */ = {
			isa = PBXGroup;
			children = (
				4BC11820222CE15200D96056 /* DataModelSpec.swift */,
				4B6ED389222C8F4F000B5263 /* WeightTrackerTests.swift */,
				4B6ED38B222C8F4F000B5263 /* Info.plist */,
			);
			path = AppSpecs;
			sourceTree = "<group>";
		};
		4B6ED393222C8F4F000B5263 /* UITests */ = {
			isa = PBXGroup;
			children = (
				4B6ED394222C8F4F000B5263 /* WeightTrackerUITests.swift */,
				4BC11824222D99F400D96056 /* Supporting Files */,
			);
			path = UITests;
			sourceTree = "<group>";
		};
		4B7ABC5C222DA6680064DE77 /* Resouces */ = {
			isa = PBXGroup;
			children = (
				4B6ED375222C8F4E000B5263 /* Main.storyboard */,
				4B6ED37B222C8F4F000B5263 /* Assets.xcassets */,
				4B6ED37D222C8F4F000B5263 /* LaunchScreen.storyboard */,
				4B6ED380222C8F4F000B5263 /* Info.plist */,
				4B6ED378222C8F4E000B5263 /* WeightTracker.xcdatamodeld */,
			);
			name = Resouces;
			sourceTree = "<group>";
		};
		4B7ABC5D222DA6900064DE77 /* Supporting Files */ = {
			isa = PBXGroup;
			children = (
				4B7ABC5E222DA6A70064DE77 /* AppHelper.swift */,
			);
			name = "Supporting Files";
			sourceTree = "<group>";
		};
		4BC11824222D99F400D96056 /* Supporting Files */ = {
			isa = PBXGroup;
			children = (
				4BC11825222D9A0C00D96056 /* AppConfiguration.swift */,
				4BC11822222D94AA00D96056 /* SampleData.xcappdata */,
				4B6ED396222C8F4F000B5263 /* Info.plist */,
			);
			name = "Supporting Files";
			sourceTree = "<group>";
		};
		BF672BAB977F157CB2D0A2DF /* Frameworks */ = {
			isa = PBXGroup;
			children = (
				E8EEB6F9E45B2281EFBB6067 /* Pods_AppSpecs.framework */,
				119E8D368E52E45D0DDCF16D /* libPods-UITests.a */,
				C2BD1D30AEBE5CB2CC3C0BAC /* Pods_WeightTracker.framework */,
			);
			name = Frameworks;
			sourceTree = "<group>";
		};
/* End PBXGroup section */

/* Begin PBXNativeTarget section */
		4B6ED36D222C8F4E000B5263 /* WeightTracker */ = {
			isa = PBXNativeTarget;
			buildConfigurationList = 4B6ED399222C8F4F000B5263 /* Build configuration list for PBXNativeTarget "WeightTracker" */;
			buildPhases = (
				C9DC1AC657CC575F4A5934AF /* [CP] Check Pods Manifest.lock */,
				4B6ED36A222C8F4E000B5263 /* Sources */,
				4B6ED36B222C8F4E000B5263 /* Frameworks */,
				4B6ED36C222C8F4E000B5263 /* Resources */,
				205DF78DA2E5B134ABB80E65 /* [CP] Embed Pods Frameworks */,
			);
			buildRules = (
			);
			dependencies = (
			);
			name = WeightTracker;
			productName = WeightTracker;
			productReference = 4B6ED36E222C8F4E000B5263 /* WeightTracker.app */;
			productType = "com.apple.product-type.application";
		};
		4B6ED384222C8F4F000B5263 /* AppSpecs */ = {
			isa = PBXNativeTarget;
			buildConfigurationList = 4B6ED39C222C8F4F000B5263 /* Build configuration list for PBXNativeTarget "AppSpecs" */;
			buildPhases = (
				585BAAB2ED285B6AC198AD8E /* [CP] Check Pods Manifest.lock */,
				4B6ED381222C8F4F000B5263 /* Sources */,
				4B6ED382222C8F4F000B5263 /* Frameworks */,
				4B6ED383222C8F4F000B5263 /* Resources */,
				A75576206B39CA13578D4E42 /* [CP] Embed Pods Frameworks */,
			);
			buildRules = (
			);
			dependencies = (
				4B6ED387222C8F4F000B5263 /* PBXTargetDependency */,
			);
			name = AppSpecs;
			productName = WeightTrackerTests;
			productReference = 4B6ED385222C8F4F000B5263 /* AppSpecs.xctest */;
			productType = "com.apple.product-type.bundle.unit-test";
		};
		4B6ED38F222C8F4F000B5263 /* UITests */ = {
			isa = PBXNativeTarget;
			buildConfigurationList = 4B6ED39F222C8F4F000B5263 /* Build configuration list for PBXNativeTarget "UITests" */;
			buildPhases = (
				653D4FD172215C3AAC3FAED9 /* [CP] Check Pods Manifest.lock */,
				4B6ED38C222C8F4F000B5263 /* Sources */,
				4B6ED38D222C8F4F000B5263 /* Frameworks */,
				4B6ED38E222C8F4F000B5263 /* Resources */,
			);
			buildRules = (
			);
			dependencies = (
				4B6ED392222C8F4F000B5263 /* PBXTargetDependency */,
			);
			name = UITests;
			productName = WeightTrackerUITests;
			productReference = 4B6ED390222C8F4F000B5263 /* UITests.xctest */;
			productType = "com.apple.product-type.bundle.ui-testing";
		};
/* End PBXNativeTarget section */

/* Begin PBXProject section */
		4B6ED366222C8F4D000B5263 /* Project object */ = {
			isa = PBXProject;
			attributes = {
				LastSwiftUpdateCheck = 1010;
				LastUpgradeCheck = 1010;
				ORGANIZATIONNAME = "Paul Zabelin";
				TargetAttributes = {
					4B6ED36D222C8F4E000B5263 = {
						CreatedOnToolsVersion = 10.1;
					};
					4B6ED384222C8F4F000B5263 = {
						CreatedOnToolsVersion = 10.1;
						TestTargetID = 4B6ED36D222C8F4E000B5263;
					};
					4B6ED38F222C8F4F000B5263 = {
						CreatedOnToolsVersion = 10.1;
						TestTargetID = 4B6ED36D222C8F4E000B5263;
					};
				};
			};
			buildConfigurationList = 4B6ED369222C8F4D000B5263 /* Build configuration list for PBXProject "WeightTracker" */;
			compatibilityVersion = "Xcode 9.3";
			developmentRegion = en;
			hasScannedForEncodings = 0;
			knownRegions = (
				en,
				Base,
			);
			mainGroup = 4B6ED365222C8F4D000B5263;
			productRefGroup = 4B6ED36F222C8F4E000B5263 /* Products */;
			projectDirPath = "";
			projectRoot = "";
			targets = (
				4B6ED36D222C8F4E000B5263 /* WeightTracker */,
				4B6ED384222C8F4F000B5263 /* AppSpecs */,
				4B6ED38F222C8F4F000B5263 /* UITests */,
			);
		};
/* End PBXProject section */

/* Begin PBXResourcesBuildPhase section */
		4B6ED36C222C8F4E000B5263 /* Resources */ = {
			isa = PBXResourcesBuildPhase;
			buildActionMask = 2147483647;
			files = (
				4B7ABC60222DA6BE0064DE77 /* SampleData.xcappdata in Resources */,
				4B6ED37F222C8F4F000B5263 /* LaunchScreen.storyboard in Resources */,
				4B6ED37C222C8F4F000B5263 /* Assets.xcassets in Resources */,
				4B6ED377222C8F4E000B5263 /* Main.storyboard in Resources */,
			);
			runOnlyForDeploymentPostprocessing = 0;
		};
		4B6ED383222C8F4F000B5263 /* Resources */ = {
			isa = PBXResourcesBuildPhase;
			buildActionMask = 2147483647;
			files = (
			);
			runOnlyForDeploymentPostprocessing = 0;
		};
		4B6ED38E222C8F4F000B5263 /* Resources */ = {
			isa = PBXResourcesBuildPhase;
			buildActionMask = 2147483647;
			files = (
			);
			runOnlyForDeploymentPostprocessing = 0;
		};
/* End PBXResourcesBuildPhase section */

/* Begin PBXShellScriptBuildPhase section */
		205DF78DA2E5B134ABB80E65 /* [CP] Embed Pods Frameworks */ = {
			isa = PBXShellScriptBuildPhase;
			buildActionMask = 2147483647;
			files = (
			);
			inputFileListPaths = (
			);
			inputPaths = (
				"${PODS_ROOT}/Target Support Files/Pods-WeightTracker/Pods-WeightTracker-frameworks.sh",
				"${BUILT_PRODUCTS_DIR}/Swinject/Swinject.framework",
				"${BUILT_PRODUCTS_DIR}/SwinjectAutoregistration/SwinjectAutoregistration.framework",
				"${BUILT_PRODUCTS_DIR}/SwinjectStoryboard/SwinjectStoryboard.framework",
			);
			name = "[CP] Embed Pods Frameworks";
			outputFileListPaths = (
			);
			outputPaths = (
				"${TARGET_BUILD_DIR}/${FRAMEWORKS_FOLDER_PATH}/Swinject.framework",
				"${TARGET_BUILD_DIR}/${FRAMEWORKS_FOLDER_PATH}/SwinjectAutoregistration.framework",
				"${TARGET_BUILD_DIR}/${FRAMEWORKS_FOLDER_PATH}/SwinjectStoryboard.framework",
			);
			runOnlyForDeploymentPostprocessing = 0;
			shellPath = /bin/sh;
			shellScript = "\"${PODS_ROOT}/Target Support Files/Pods-WeightTracker/Pods-WeightTracker-frameworks.sh\"\n";
			showEnvVarsInLog = 0;
		};
		585BAAB2ED285B6AC198AD8E /* [CP] Check Pods Manifest.lock */ = {
			isa = PBXShellScriptBuildPhase;
			buildActionMask = 2147483647;
			files = (
			);
			inputFileListPaths = (
			);
			inputPaths = (
				"${PODS_PODFILE_DIR_PATH}/Podfile.lock",
				"${PODS_ROOT}/Manifest.lock",
			);
			name = "[CP] Check Pods Manifest.lock";
			outputFileListPaths = (
			);
			outputPaths = (
				"$(DERIVED_FILE_DIR)/Pods-AppSpecs-checkManifestLockResult.txt",
			);
			runOnlyForDeploymentPostprocessing = 0;
			shellPath = /bin/sh;
			shellScript = "diff \"${PODS_PODFILE_DIR_PATH}/Podfile.lock\" \"${PODS_ROOT}/Manifest.lock\" > /dev/null\nif [ $? != 0 ] ; then\n    # print error to STDERR\n    echo \"error: The sandbox is not in sync with the Podfile.lock. Run 'pod install' or update your CocoaPods installation.\" >&2\n    exit 1\nfi\n# This output is used by Xcode 'outputs' to avoid re-running this script phase.\necho \"SUCCESS\" > \"${SCRIPT_OUTPUT_FILE_0}\"\n";
			showEnvVarsInLog = 0;
		};
		653D4FD172215C3AAC3FAED9 /* [CP] Check Pods Manifest.lock */ = {
			isa = PBXShellScriptBuildPhase;
			buildActionMask = 2147483647;
			files = (
			);
			inputFileListPaths = (
			);
			inputPaths = (
				"${PODS_PODFILE_DIR_PATH}/Podfile.lock",
				"${PODS_ROOT}/Manifest.lock",
			);
			name = "[CP] Check Pods Manifest.lock";
			outputFileListPaths = (
			);
			outputPaths = (
				"$(DERIVED_FILE_DIR)/Pods-UITests-checkManifestLockResult.txt",
			);
			runOnlyForDeploymentPostprocessing = 0;
			shellPath = /bin/sh;
			shellScript = "diff \"${PODS_PODFILE_DIR_PATH}/Podfile.lock\" \"${PODS_ROOT}/Manifest.lock\" > /dev/null\nif [ $? != 0 ] ; then\n    # print error to STDERR\n    echo \"error: The sandbox is not in sync with the Podfile.lock. Run 'pod install' or update your CocoaPods installation.\" >&2\n    exit 1\nfi\n# This output is used by Xcode 'outputs' to avoid re-running this script phase.\necho \"SUCCESS\" > \"${SCRIPT_OUTPUT_FILE_0}\"\n";
			showEnvVarsInLog = 0;
		};
		A75576206B39CA13578D4E42 /* [CP] Embed Pods Frameworks */ = {
			isa = PBXShellScriptBuildPhase;
			buildActionMask = 2147483647;
			files = (
			);
			inputFileListPaths = (
			);
			inputPaths = (
				"${PODS_ROOT}/Target Support Files/Pods-AppSpecs/Pods-AppSpecs-frameworks.sh",
				"${BUILT_PRODUCTS_DIR}/Nimble-framework/Nimble.framework",
				"${BUILT_PRODUCTS_DIR}/Quick-framework/Quick.framework",
			);
			name = "[CP] Embed Pods Frameworks";
			outputFileListPaths = (
			);
			outputPaths = (
				"${TARGET_BUILD_DIR}/${FRAMEWORKS_FOLDER_PATH}/Nimble.framework",
				"${TARGET_BUILD_DIR}/${FRAMEWORKS_FOLDER_PATH}/Quick.framework",
			);
			runOnlyForDeploymentPostprocessing = 0;
			shellPath = /bin/sh;
			shellScript = "\"${PODS_ROOT}/Target Support Files/Pods-AppSpecs/Pods-AppSpecs-frameworks.sh\"\n";
			showEnvVarsInLog = 0;
		};
		C9DC1AC657CC575F4A5934AF /* [CP] Check Pods Manifest.lock */ = {
			isa = PBXShellScriptBuildPhase;
			buildActionMask = 2147483647;
			files = (
			);
			inputFileListPaths = (
			);
			inputPaths = (
				"${PODS_PODFILE_DIR_PATH}/Podfile.lock",
				"${PODS_ROOT}/Manifest.lock",
			);
			name = "[CP] Check Pods Manifest.lock";
			outputFileListPaths = (
			);
			outputPaths = (
				"$(DERIVED_FILE_DIR)/Pods-WeightTracker-checkManifestLockResult.txt",
			);
			runOnlyForDeploymentPostprocessing = 0;
			shellPath = /bin/sh;
			shellScript = "diff \"${PODS_PODFILE_DIR_PATH}/Podfile.lock\" \"${PODS_ROOT}/Manifest.lock\" > /dev/null\nif [ $? != 0 ] ; then\n    # print error to STDERR\n    echo \"error: The sandbox is not in sync with the Podfile.lock. Run 'pod install' or update your CocoaPods installation.\" >&2\n    exit 1\nfi\n# This output is used by Xcode 'outputs' to avoid re-running this script phase.\necho \"SUCCESS\" > \"${SCRIPT_OUTPUT_FILE_0}\"\n";
			showEnvVarsInLog = 0;
		};
/* End PBXShellScriptBuildPhase section */

/* Begin PBXSourcesBuildPhase section */
		4B6ED36A222C8F4E000B5263 /* Sources */ = {
			isa = PBXSourcesBuildPhase;
			buildActionMask = 2147483647;
			files = (
				4B6ED374222C8F4E000B5263 /* WeightsViewController.swift in Sources */,
				4B7ABC5F222DA6A70064DE77 /* AppHelper.swift in Sources */,
				4B6ED37A222C8F4E000B5263 /* WeightTracker.xcdatamodeld in Sources */,
				4BC1181F222CDDB500D96056 /* DependencyInjection.swift in Sources */,
				4B6ED372222C8F4E000B5263 /* AppDelegate.swift in Sources */,
			);
			runOnlyForDeploymentPostprocessing = 0;
		};
		4B6ED381222C8F4F000B5263 /* Sources */ = {
			isa = PBXSourcesBuildPhase;
			buildActionMask = 2147483647;
			files = (
				4BC11821222CE15200D96056 /* DataModelSpec.swift in Sources */,
				4B6ED38A222C8F4F000B5263 /* WeightTrackerTests.swift in Sources */,
			);
			runOnlyForDeploymentPostprocessing = 0;
		};
		4B6ED38C222C8F4F000B5263 /* Sources */ = {
			isa = PBXSourcesBuildPhase;
			buildActionMask = 2147483647;
			files = (
				4BC11826222D9A0C00D96056 /* AppConfiguration.swift in Sources */,
				4B6ED395222C8F4F000B5263 /* WeightTrackerUITests.swift in Sources */,
			);
			runOnlyForDeploymentPostprocessing = 0;
		};
/* End PBXSourcesBuildPhase section */

/* Begin PBXTargetDependency section */
		4B6ED387222C8F4F000B5263 /* PBXTargetDependency */ = {
			isa = PBXTargetDependency;
			target = 4B6ED36D222C8F4E000B5263 /* WeightTracker */;
			targetProxy = 4B6ED386222C8F4F000B5263 /* PBXContainerItemProxy */;
		};
		4B6ED392222C8F4F000B5263 /* PBXTargetDependency */ = {
			isa = PBXTargetDependency;
			target = 4B6ED36D222C8F4E000B5263 /* WeightTracker */;
			targetProxy = 4B6ED391222C8F4F000B5263 /* PBXContainerItemProxy */;
		};
/* End PBXTargetDependency section */

/* Begin PBXVariantGroup section */
		4B6ED375222C8F4E000B5263 /* Main.storyboard */ = {
			isa = PBXVariantGroup;
			children = (
				4B6ED376222C8F4E000B5263 /* Base */,
			);
			name = Main.storyboard;
			sourceTree = "<group>";
		};
		4B6ED37D222C8F4F000B5263 /* LaunchScreen.storyboard */ = {
			isa = PBXVariantGroup;
			children = (
				4B6ED37E222C8F4F000B5263 /* Base */,
			);
			name = LaunchScreen.storyboard;
			sourceTree = "<group>";
		};
/* End PBXVariantGroup section */

/* Begin XCBuildConfiguration section */
		4B6ED397222C8F4F000B5263 /* Debug */ = {
			isa = XCBuildConfiguration;
			buildSettings = {
				ALWAYS_SEARCH_USER_PATHS = NO;
				CLANG_ANALYZER_NONNULL = YES;
				CLANG_ANALYZER_NUMBER_OBJECT_CONVERSION = YES_AGGRESSIVE;
				CLANG_CXX_LANGUAGE_STANDARD = "gnu++14";
				CLANG_CXX_LIBRARY = "libc++";
				CLANG_ENABLE_MODULES = YES;
				CLANG_ENABLE_OBJC_ARC = YES;
				CLANG_ENABLE_OBJC_WEAK = YES;
				CLANG_WARN_BLOCK_CAPTURE_AUTORELEASING = YES;
				CLANG_WARN_BOOL_CONVERSION = YES;
				CLANG_WARN_COMMA = YES;
				CLANG_WARN_CONSTANT_CONVERSION = YES;
				CLANG_WARN_DEPRECATED_OBJC_IMPLEMENTATIONS = YES;
				CLANG_WARN_DIRECT_OBJC_ISA_USAGE = YES_ERROR;
				CLANG_WARN_DOCUMENTATION_COMMENTS = YES;
				CLANG_WARN_EMPTY_BODY = YES;
				CLANG_WARN_ENUM_CONVERSION = YES;
				CLANG_WARN_INFINITE_RECURSION = YES;
				CLANG_WARN_INT_CONVERSION = YES;
				CLANG_WARN_NON_LITERAL_NULL_CONVERSION = YES;
				CLANG_WARN_OBJC_IMPLICIT_RETAIN_SELF = YES;
				CLANG_WARN_OBJC_LITERAL_CONVERSION = YES;
				CLANG_WARN_OBJC_ROOT_CLASS = YES_ERROR;
				CLANG_WARN_RANGE_LOOP_ANALYSIS = YES;
				CLANG_WARN_STRICT_PROTOTYPES = YES;
				CLANG_WARN_SUSPICIOUS_MOVE = YES;
				CLANG_WARN_UNGUARDED_AVAILABILITY = YES_AGGRESSIVE;
				CLANG_WARN_UNREACHABLE_CODE = YES;
				CLANG_WARN__DUPLICATE_METHOD_MATCH = YES;
				CODE_SIGN_IDENTITY = "iPhone Developer";
				COPY_PHASE_STRIP = NO;
				DEBUG_INFORMATION_FORMAT = dwarf;
				ENABLE_STRICT_OBJC_MSGSEND = YES;
				ENABLE_TESTABILITY = YES;
				GCC_C_LANGUAGE_STANDARD = gnu11;
				GCC_DYNAMIC_NO_PIC = NO;
				GCC_NO_COMMON_BLOCKS = YES;
				GCC_OPTIMIZATION_LEVEL = 0;
				GCC_PREPROCESSOR_DEFINITIONS = (
					"DEBUG=1",
					"$(inherited)",
				);
				GCC_WARN_64_TO_32_BIT_CONVERSION = YES;
				GCC_WARN_ABOUT_RETURN_TYPE = YES_ERROR;
				GCC_WARN_UNDECLARED_SELECTOR = YES;
				GCC_WARN_UNINITIALIZED_AUTOS = YES_AGGRESSIVE;
				GCC_WARN_UNUSED_FUNCTION = YES;
				GCC_WARN_UNUSED_VARIABLE = YES;
				INFOPLIST_FILE = "$(TARGET_NAME)/Info.plist";
				IPHONEOS_DEPLOYMENT_TARGET = 12.1;
				ONLY_ACTIVE_ARCH = YES;
				PRODUCT_BUNDLE_IDENTIFIER = "io.github.paulz.$(TARGET_NAME)";
				PRODUCT_NAME = "$(TARGET_NAME)";
				SDKROOT = iphoneos;
				SWIFT_ACTIVE_COMPILATION_CONDITIONS = DEBUG;
				SWIFT_OPTIMIZATION_LEVEL = "-Onone";
				SWIFT_VERSION = 4.2;
			};
			name = Debug;
		};
		4B6ED398222C8F4F000B5263 /* Release */ = {
			isa = XCBuildConfiguration;
			buildSettings = {
				ALWAYS_SEARCH_USER_PATHS = NO;
				CLANG_ANALYZER_NONNULL = YES;
				CLANG_ANALYZER_NUMBER_OBJECT_CONVERSION = YES_AGGRESSIVE;
				CLANG_CXX_LANGUAGE_STANDARD = "gnu++14";
				CLANG_CXX_LIBRARY = "libc++";
				CLANG_ENABLE_MODULES = YES;
				CLANG_ENABLE_OBJC_ARC = YES;
				CLANG_ENABLE_OBJC_WEAK = YES;
				CLANG_WARN_BLOCK_CAPTURE_AUTORELEASING = YES;
				CLANG_WARN_BOOL_CONVERSION = YES;
				CLANG_WARN_COMMA = YES;
				CLANG_WARN_CONSTANT_CONVERSION = YES;
				CLANG_WARN_DEPRECATED_OBJC_IMPLEMENTATIONS = YES;
				CLANG_WARN_DIRECT_OBJC_ISA_USAGE = YES_ERROR;
				CLANG_WARN_DOCUMENTATION_COMMENTS = YES;
				CLANG_WARN_EMPTY_BODY = YES;
				CLANG_WARN_ENUM_CONVERSION = YES;
				CLANG_WARN_INFINITE_RECURSION = YES;
				CLANG_WARN_INT_CONVERSION = YES;
				CLANG_WARN_NON_LITERAL_NULL_CONVERSION = YES;
				CLANG_WARN_OBJC_IMPLICIT_RETAIN_SELF = YES;
				CLANG_WARN_OBJC_LITERAL_CONVERSION = YES;
				CLANG_WARN_OBJC_ROOT_CLASS = YES_ERROR;
				CLANG_WARN_RANGE_LOOP_ANALYSIS = YES;
				CLANG_WARN_STRICT_PROTOTYPES = YES;
				CLANG_WARN_SUSPICIOUS_MOVE = YES;
				CLANG_WARN_UNGUARDED_AVAILABILITY = YES_AGGRESSIVE;
				CLANG_WARN_UNREACHABLE_CODE = YES;
				CLANG_WARN__DUPLICATE_METHOD_MATCH = YES;
				CODE_SIGN_IDENTITY = "iPhone Developer";
				COPY_PHASE_STRIP = NO;
				DEBUG_INFORMATION_FORMAT = "dwarf-with-dsym";
				ENABLE_NS_ASSERTIONS = NO;
				ENABLE_STRICT_OBJC_MSGSEND = YES;
				GCC_C_LANGUAGE_STANDARD = gnu11;
				GCC_NO_COMMON_BLOCKS = YES;
				GCC_WARN_64_TO_32_BIT_CONVERSION = YES;
				GCC_WARN_ABOUT_RETURN_TYPE = YES_ERROR;
				GCC_WARN_UNDECLARED_SELECTOR = YES;
				GCC_WARN_UNINITIALIZED_AUTOS = YES_AGGRESSIVE;
				GCC_WARN_UNUSED_FUNCTION = YES;
				GCC_WARN_UNUSED_VARIABLE = YES;
				INFOPLIST_FILE = "$(TARGET_NAME)/Info.plist";
				IPHONEOS_DEPLOYMENT_TARGET = 12.1;
				PRODUCT_BUNDLE_IDENTIFIER = "io.github.paulz.$(TARGET_NAME)";
				PRODUCT_NAME = "$(TARGET_NAME)";
				SDKROOT = iphoneos;
				SWIFT_COMPILATION_MODE = wholemodule;
				SWIFT_OPTIMIZATION_LEVEL = "-O";
				SWIFT_VERSION = 4.2;
				VALIDATE_PRODUCT = YES;
			};
			name = Release;
		};
		4B6ED39A222C8F4F000B5263 /* Debug */ = {
			isa = XCBuildConfiguration;
			baseConfigurationReference = 952A0D0E079F0DCF087D3ACB /* Pods-WeightTracker.debug.xcconfig */;
			buildSettings = {
				ASSETCATALOG_COMPILER_APPICON_NAME = AppIcon;
				LD_RUNPATH_SEARCH_PATHS = (
					"$(inherited)",
					"@executable_path/Frameworks",
				);
			};
			name = Debug;
		};
		4B6ED39B222C8F4F000B5263 /* Release */ = {
			isa = XCBuildConfiguration;
			baseConfigurationReference = 028E3F24F0AD6D6A552EA89A /* Pods-WeightTracker.release.xcconfig */;
			buildSettings = {
				ASSETCATALOG_COMPILER_APPICON_NAME = AppIcon;
				LD_RUNPATH_SEARCH_PATHS = (
					"$(inherited)",
					"@executable_path/Frameworks",
				);
			};
			name = Release;
		};
		4B6ED39D222C8F4F000B5263 /* Debug */ = {
			isa = XCBuildConfiguration;
			baseConfigurationReference = 3F02110B1CCA2E13FB014B1B /* Pods-AppSpecs.debug.xcconfig */;
			buildSettings = {
				BUNDLE_LOADER = "$(TEST_HOST)";
				LD_RUNPATH_SEARCH_PATHS = (
					"$(inherited)",
					"@executable_path/Frameworks",
					"@loader_path/Frameworks",
				);
				TEST_HOST = "$(BUILT_PRODUCTS_DIR)/WeightTracker.app/WeightTracker";
			};
			name = Debug;
		};
		4B6ED39E222C8F4F000B5263 /* Release */ = {
			isa = XCBuildConfiguration;
			baseConfigurationReference = C90C0D2EB374150F0CB56991 /* Pods-AppSpecs.release.xcconfig */;
			buildSettings = {
				BUNDLE_LOADER = "$(TEST_HOST)";
				LD_RUNPATH_SEARCH_PATHS = (
					"$(inherited)",
					"@executable_path/Frameworks",
					"@loader_path/Frameworks",
				);
				TEST_HOST = "$(BUILT_PRODUCTS_DIR)/WeightTracker.app/WeightTracker";
			};
			name = Release;
		};
		4B6ED3A0222C8F4F000B5263 /* Debug */ = {
			isa = XCBuildConfiguration;
			baseConfigurationReference = 60CF273DE49991BBF03C8D07 /* Pods-UITests.debug.xcconfig */;
			buildSettings = {
				LD_RUNPATH_SEARCH_PATHS = (
					"$(inherited)",
					"@executable_path/Frameworks",
					"@loader_path/Frameworks",
				);
				TEST_TARGET_NAME = WeightTracker;
			};
			name = Debug;
		};
		4B6ED3A1222C8F4F000B5263 /* Release */ = {
			isa = XCBuildConfiguration;
			baseConfigurationReference = 6F1D7432F3F31B16564A3C91 /* Pods-UITests.release.xcconfig */;
			buildSettings = {
				LD_RUNPATH_SEARCH_PATHS = (
					"$(inherited)",
					"@executable_path/Frameworks",
					"@loader_path/Frameworks",
				);
				TEST_TARGET_NAME = WeightTracker;
			};
			name = Release;
		};
/* End XCBuildConfiguration section */

/* Begin XCConfigurationList section */
		4B6ED369222C8F4D000B5263 /* Build configuration list for PBXProject "WeightTracker" */ = {
			isa = XCConfigurationList;
			buildConfigurations = (
				4B6ED397222C8F4F000B5263 /* Debug */,
				4B6ED398222C8F4F000B5263 /* Release */,
			);
			defaultConfigurationIsVisible = 0;
			defaultConfigurationName = Release;
		};
		4B6ED399222C8F4F000B5263 /* Build configuration list for PBXNativeTarget "WeightTracker" */ = {
			isa = XCConfigurationList;
			buildConfigurations = (
				4B6ED39A222C8F4F000B5263 /* Debug */,
				4B6ED39B222C8F4F000B5263 /* Release */,
			);
			defaultConfigurationIsVisible = 0;
			defaultConfigurationName = Release;
		};
		4B6ED39C222C8F4F000B5263 /* Build configuration list for PBXNativeTarget "AppSpecs" */ = {
			isa = XCConfigurationList;
			buildConfigurations = (
				4B6ED39D222C8F4F000B5263 /* Debug */,
				4B6ED39E222C8F4F000B5263 /* Release */,
			);
			defaultConfigurationIsVisible = 0;
			defaultConfigurationName = Release;
		};
		4B6ED39F222C8F4F000B5263 /* Build configuration list for PBXNativeTarget "UITests" */ = {
			isa = XCConfigurationList;
			buildConfigurations = (
				4B6ED3A0222C8F4F000B5263 /* Debug */,
				4B6ED3A1222C8F4F000B5263 /* Release */,
			);
			defaultConfigurationIsVisible = 0;
			defaultConfigurationName = Release;
		};
/* End XCConfigurationList section */

/* Begin XCVersionGroup section */
		4B6ED378222C8F4E000B5263 /* WeightTracker.xcdatamodeld */ = {
			isa = XCVersionGroup;
			children = (
				4B6ED379222C8F4E000B5263 /* WeightTracker.xcdatamodel */,
			);
			currentVersion = 4B6ED379222C8F4E000B5263 /* WeightTracker.xcdatamodel */;
			path = WeightTracker.xcdatamodeld;
			sourceTree = "<group>";
			versionGroupType = wrapper.xcdatamodel;
		};
/* End XCVersionGroup section */
	};
	rootObject = 4B6ED366222C8F4D000B5263 /* Project object */;
}
