PODS:
  - Nimble (8.0.0)
  - Quick (2.0.0)
  - Swinject (2.5.0)
  - SwinjectAutoregistration (2.5.1):
    - Swinject (~> 2.5)
  - SwinjectStoryboard (2.1.0):
    - Swinject (~> 2.5)

DEPENDENCIES:
  - Nimble
  - Quick
  - SwinjectAutoregistration
  - SwinjectStoryboard

SPEC REPOS:
  https://github.com/cocoapods/specs.git:
    - Nimble
    - Quick
    - Swinject
    - SwinjectAutoregistration
    - SwinjectStoryboard

SPEC CHECKSUMS:
  Nimble: a0e6f95b4b91a4f66b6da3512b6bebc07c9cbf49
  Quick: ce1276c7c27ba2da3cb2fd0cde053c3648b3b22d
  Swinject: 82cdb851f63f91bba974e3eca1d69780f2f7677e
  SwinjectAutoregistration: f72bf894cbd2ee4a9153e00fa5208e93fb44d283
  SwinjectStoryboard: 688f096033103e66ffcf6ca678211acd7d7be505

PODFILE CHECKSUM: 64396e82fe1515273820735eafc50d3ddc18d8e0

COCOAPODS: 1.6.0
